// !$*UTF8*$!
{
	archiveVersion = 1;
	classes = {
	};
	objectVersion = 56;
	objects = {

/* Begin PBXBuildFile section */
		1BDED1882B4EE35E00B7E2E6 /* SentimentAnalystApp.swift in Sources */ = {isa = PBXBuildFile; fileRef = 1BDED1872B4EE35E00B7E2E6 /* SentimentAnalystApp.swift */; };
		1BDED18A2B4EE35E00B7E2E6 /* ContentView.swift in Sources */ = {isa = PBXBuildFile; fileRef = 1BDED1892B4EE35E00B7E2E6 /* ContentView.swift */; };
		1BDED18C2B4EE36100B7E2E6 /* Assets.xcassets in Resources */ = {isa = PBXBuildFile; fileRef = 1BDED18B2B4EE36100B7E2E6 /* Assets.xcassets */; };
		1BDED18F2B4EE36100B7E2E6 /* Preview Assets.xcassets in Resources */ = {isa = PBXBuildFile; fileRef = 1BDED18E2B4EE36100B7E2E6 /* Preview Assets.xcassets */; };
		1BDED1992B4EE36200B7E2E6 /* SentimentAnalystTests.swift in Sources */ = {isa = PBXBuildFile; fileRef = 1BDED1982B4EE36200B7E2E6 /* SentimentAnalystTests.swift */; };
		1BDED1A32B4EE36200B7E2E6 /* SentimentAnalystUITests.swift in Sources */ = {isa = PBXBuildFile; fileRef = 1BDED1A22B4EE36200B7E2E6 /* SentimentAnalystUITests.swift */; };
		1BDED1A52B4EE36200B7E2E6 /* SentimentAnalystUITestsLaunchTests.swift in Sources */ = {isa = PBXBuildFile; fileRef = 1BDED1A42B4EE36200B7E2E6 /* SentimentAnalystUITestsLaunchTests.swift */; };
/* End PBXBuildFile section */

/* Begin PBXContainerItemProxy section */
		1BDED1952B4EE36200B7E2E6 /* PBXContainerItemProxy */ = {
			isa = PBXContainerItemProxy;
			containerPortal = 1BDED17C2B4EE35E00B7E2E6 /* Project object */;
			proxyType = 1;
			remoteGlobalIDString = 1BDED1832B4EE35E00B7E2E6;
			remoteInfo = SentimentAnalyst;
		};
		1BDED19F2B4EE36200B7E2E6 /* PBXContainerItemProxy */ = {
			isa = PBXContainerItemProxy;
			containerPortal = 1BDED17C2B4EE35E00B7E2E6 /* Project object */;
			proxyType = 1;
			remoteGlobalIDString = 1BDED1832B4EE35E00B7E2E6;
			remoteInfo = SentimentAnalyst;
		};
/* End PBXContainerItemProxy section */

/* Begin PBXFileReference section */
		1BDED1842B4EE35E00B7E2E6 /* SentimentAnalyst.app */ = {isa = PBXFileReference; explicitFileType = wrapper.application; includeInIndex = 0; path = SentimentAnalyst.app; sourceTree = BUILT_PRODUCTS_DIR; };
		1BDED1872B4EE35E00B7E2E6 /* SentimentAnalystApp.swift */ = {isa = PBXFileReference; lastKnownFileType = sourcecode.swift; path = SentimentAnalystApp.swift; sourceTree = "<group>"; };
		1BDED1892B4EE35E00B7E2E6 /* ContentView.swift */ = {isa = PBXFileReference; lastKnownFileType = sourcecode.swift; path = ContentView.swift; sourceTree = "<group>"; };
		1BDED18B2B4EE36100B7E2E6 /* Assets.xcassets */ = {isa = PBXFileReference; lastKnownFileType = folder.assetcatalog; path = Assets.xcassets; sourceTree = "<group>"; };
		1BDED18E2B4EE36100B7E2E6 /* Preview Assets.xcassets */ = {isa = PBXFileReference; lastKnownFileType = folder.assetcatalog; path = "Preview Assets.xcassets"; sourceTree = "<group>"; };
		1BDED1942B4EE36200B7E2E6 /* SentimentAnalystTests.xctest */ = {isa = PBXFileReference; explicitFileType = wrapper.cfbundle; includeInIndex = 0; path = SentimentAnalystTests.xctest; sourceTree = BUILT_PRODUCTS_DIR; };
		1BDED1982B4EE36200B7E2E6 /* SentimentAnalystTests.swift */ = {isa = PBXFileReference; lastKnownFileType = sourcecode.swift; path = SentimentAnalystTests.swift; sourceTree = "<group>"; };
		1BDED19E2B4EE36200B7E2E6 /* SentimentAnalystUITests.xctest */ = {isa = PBXFileReference; explicitFileType = wrapper.cfbundle; includeInIndex = 0; path = SentimentAnalystUITests.xctest; sourceTree = BUILT_PRODUCTS_DIR; };
		1BDED1A22B4EE36200B7E2E6 /* SentimentAnalystUITests.swift */ = {isa = PBXFileReference; lastKnownFileType = sourcecode.swift; path = SentimentAnalystUITests.swift; sourceTree = "<group>"; };
		1BDED1A42B4EE36200B7E2E6 /* SentimentAnalystUITestsLaunchTests.swift */ = {isa = PBXFileReference; lastKnownFileType = sourcecode.swift; path = SentimentAnalystUITestsLaunchTests.swift; sourceTree = "<group>"; };
/* End PBXFileReference section */

/* Begin PBXFrameworksBuildPhase section */
		1BDED1812B4EE35E00B7E2E6 /* Frameworks */ = {
			isa = PBXFrameworksBuildPhase;
			buildActionMask = 2147483647;
			files = (
			);
			runOnlyForDeploymentPostprocessing = 0;
		};
		1BDED1912B4EE36200B7E2E6 /* Frameworks */ = {
			isa = PBXFrameworksBuildPhase;
			buildActionMask = 2147483647;
			files = (
			);
			runOnlyForDeploymentPostprocessing = 0;
		};
		1BDED19B2B4EE36200B7E2E6 /* Frameworks */ = {
			isa = PBXFrameworksBuildPhase;
			buildActionMask = 2147483647;
			files = (
			);
			runOnlyForDeploymentPostprocessing = 0;
		};
/* End PBXFrameworksBuildPhase section */

/* Begin PBXGroup section */
		1BDED17B2B4EE35E00B7E2E6 = {
			isa = PBXGroup;
			children = (
				1BDED1862B4EE35E00B7E2E6 /* SentimentAnalyst */,
				1BDED1972B4EE36200B7E2E6 /* SentimentAnalystTests */,
				1BDED1A12B4EE36200B7E2E6 /* SentimentAnalystUITests */,
				1BDED1852B4EE35E00B7E2E6 /* Products */,
			);
			sourceTree = "<group>";
		};
		1BDED1852B4EE35E00B7E2E6 /* Products */ = {
			isa = PBXGroup;
			children = (
				1BDED1842B4EE35E00B7E2E6 /* SentimentAnalyst.app */,
				1BDED1942B4EE36200B7E2E6 /* SentimentAnalystTests.xctest */,
				1BDED19E2B4EE36200B7E2E6 /* SentimentAnalystUITests.xctest */,
			);
			name = Products;
			sourceTree = "<group>";
		};
		1BDED1862B4EE35E00B7E2E6 /* SentimentAnalyst */ = {
			isa = PBXGroup;
			children = (
				1BDED1872B4EE35E00B7E2E6 /* SentimentAnalystApp.swift */,
				1BDED1892B4EE35E00B7E2E6 /* ContentView.swift */,
				1BDED18B2B4EE36100B7E2E6 /* Assets.xcassets */,
				1BDED18D2B4EE36100B7E2E6 /* Preview Content */,
			);
			path = SentimentAnalyst;
			sourceTree = "<group>";
		};
		1BDED18D2B4EE36100B7E2E6 /* Preview Content */ = {
			isa = PBXGroup;
			children = (
				1BDED18E2B4EE36100B7E2E6 /* Preview Assets.xcassets */,
			);
			path = "Preview Content";
			sourceTree = "<group>";
		};
		1BDED1972B4EE36200B7E2E6 /* SentimentAnalystTests */ = {
			isa = PBXGroup;
			children = (
				1BDED1982B4EE36200B7E2E6 /* SentimentAnalystTests.swift */,
			);
			path = SentimentAnalystTests;
			sourceTree = "<group>";
		};
		1BDED1A12B4EE36200B7E2E6 /* SentimentAnalystUITests */ = {
			isa = PBXGroup;
			children = (
				1BDED1A22B4EE36200B7E2E6 /* SentimentAnalystUITests.swift */,
				1BDED1A42B4EE36200B7E2E6 /* SentimentAnalystUITestsLaunchTests.swift */,
			);
			path = SentimentAnalystUITests;
			sourceTree = "<group>";
		};
/* End PBXGroup section */

/* Begin PBXNativeTarget section */
		1BDED1832B4EE35E00B7E2E6 /* SentimentAnalyst */ = {
			isa = PBXNativeTarget;
			buildConfigurationList = 1BDED1A82B4EE36200B7E2E6 /* Build configuration list for PBXNativeTarget "SentimentAnalyst" */;
			buildPhases = (
				1BDED1802B4EE35E00B7E2E6 /* Sources */,
				1BDED1812B4EE35E00B7E2E6 /* Frameworks */,
				1BDED1822B4EE35E00B7E2E6 /* Resources */,
			);
			buildRules = (
			);
			dependencies = (
			);
			name = SentimentAnalyst;
			productName = SentimentAnalyst;
			productReference = 1BDED1842B4EE35E00B7E2E6 /* SentimentAnalyst.app */;
			productType = "com.apple.product-type.application";
		};
		1BDED1932B4EE36200B7E2E6 /* SentimentAnalystTests */ = {
			isa = PBXNativeTarget;
			buildConfigurationList = 1BDED1AB2B4EE36200B7E2E6 /* Build configuration list for PBXNativeTarget "SentimentAnalystTests" */;
			buildPhases = (
				1BDED1902B4EE36200B7E2E6 /* Sources */,
				1BDED1912B4EE36200B7E2E6 /* Frameworks */,
				1BDED1922B4EE36200B7E2E6 /* Resources */,
			);
			buildRules = (
			);
			dependencies = (
				1BDED1962B4EE36200B7E2E6 /* PBXTargetDependency */,
			);
			name = SentimentAnalystTests;
			productName = SentimentAnalystTests;
			productReference = 1BDED1942B4EE36200B7E2E6 /* SentimentAnalystTests.xctest */;
			productType = "com.apple.product-type.bundle.unit-test";
		};
		1BDED19D2B4EE36200B7E2E6 /* SentimentAnalystUITests */ = {
			isa = PBXNativeTarget;
			buildConfigurationList = 1BDED1AE2B4EE36200B7E2E6 /* Build configuration list for PBXNativeTarget "SentimentAnalystUITests" */;
			buildPhases = (
				1BDED19A2B4EE36200B7E2E6 /* Sources */,
				1BDED19B2B4EE36200B7E2E6 /* Frameworks */,
				1BDED19C2B4EE36200B7E2E6 /* Resources */,
			);
			buildRules = (
			);
			dependencies = (
				1BDED1A02B4EE36200B7E2E6 /* PBXTargetDependency */,
			);
			name = SentimentAnalystUITests;
			productName = SentimentAnalystUITests;
			productReference = 1BDED19E2B4EE36200B7E2E6 /* SentimentAnalystUITests.xctest */;
			productType = "com.apple.product-type.bundle.ui-testing";
		};
/* End PBXNativeTarget section */

/* Begin PBXProject section */
		1BDED17C2B4EE35E00B7E2E6 /* Project object */ = {
			isa = PBXProject;
			attributes = {
				BuildIndependentTargetsInParallel = 1;
				LastSwiftUpdateCheck = 1520;
				LastUpgradeCheck = 1520;
				TargetAttributes = {
					1BDED1832B4EE35E00B7E2E6 = {
						CreatedOnToolsVersion = 15.2;
					};
					1BDED1932B4EE36200B7E2E6 = {
						CreatedOnToolsVersion = 15.2;
						TestTargetID = 1BDED1832B4EE35E00B7E2E6;
					};
					1BDED19D2B4EE36200B7E2E6 = {
						CreatedOnToolsVersion = 15.2;
						TestTargetID = 1BDED1832B4EE35E00B7E2E6;
					};
				};
			};
			buildConfigurationList = 1BDED17F2B4EE35E00B7E2E6 /* Build configuration list for PBXProject "SentimentAnalyst" */;
			compatibilityVersion = "Xcode 14.0";
			developmentRegion = en;
			hasScannedForEncodings = 0;
			knownRegions = (
				en,
				Base,
			);
			mainGroup = 1BDED17B2B4EE35E00B7E2E6;
			productRefGroup = 1BDED1852B4EE35E00B7E2E6 /* Products */;
			projectDirPath = "";
			projectRoot = "";
			targets = (
				1BDED1832B4EE35E00B7E2E6 /* SentimentAnalyst */,
				1BDED1932B4EE36200B7E2E6 /* SentimentAnalystTests */,
				1BDED19D2B4EE36200B7E2E6 /* SentimentAnalystUITests */,
			);
		};
/* End PBXProject section */

/* Begin PBXResourcesBuildPhase section */
		1BDED1822B4EE35E00B7E2E6 /* Resources */ = {
			isa = PBXResourcesBuildPhase;
			buildActionMask = 2147483647;
			files = (
				1BDED18F2B4EE36100B7E2E6 /* Preview Assets.xcassets in Resources */,
				1BDED18C2B4EE36100B7E2E6 /* Assets.xcassets in Resources */,
			);
			runOnlyForDeploymentPostprocessing = 0;
		};
		1BDED1922B4EE36200B7E2E6 /* Resources */ = {
			isa = PBXResourcesBuildPhase;
			buildActionMask = 2147483647;
			files = (
			);
			runOnlyForDeploymentPostprocessing = 0;
		};
		1BDED19C2B4EE36200B7E2E6 /* Resources */ = {
			isa = PBXResourcesBuildPhase;
			buildActionMask = 2147483647;
			files = (
			);
			runOnlyForDeploymentPostprocessing = 0;
		};
/* End PBXResourcesBuildPhase section */

/* Begin PBXSourcesBuildPhase section */
		1BDED1802B4EE35E00B7E2E6 /* Sources */ = {
			isa = PBXSourcesBuildPhase;
			buildActionMask = 2147483647;
			files = (
				1BDED18A2B4EE35E00B7E2E6 /* ContentView.swift in Sources */,
				1BDED1882B4EE35E00B7E2E6 /* SentimentAnalystApp.swift in Sources */,
			);
			runOnlyForDeploymentPostprocessing = 0;
		};
		1BDED1902B4EE36200B7E2E6 /* Sources */ = {
			isa = PBXSourcesBuildPhase;
			buildActionMask = 2147483647;
			files = (
				1BDED1992B4EE36200B7E2E6 /* SentimentAnalystTests.swift in Sources */,
			);
			runOnlyForDeploymentPostprocessing = 0;
		};
		1BDED19A2B4EE36200B7E2E6 /* Sources */ = {
			isa = PBXSourcesBuildPhase;
			buildActionMask = 2147483647;
			files = (
				1BDED1A32B4EE36200B7E2E6 /* SentimentAnalystUITests.swift in Sources */,
				1BDED1A52B4EE36200B7E2E6 /* SentimentAnalystUITestsLaunchTests.swift in Sources */,
			);
			runOnlyForDeploymentPostprocessing = 0;
		};
/* End PBXSourcesBuildPhase section */

/* Begin PBXTargetDependency section */
		1BDED1962B4EE36200B7E2E6 /* PBXTargetDependency */ = {
			isa = PBXTargetDependency;
			target = 1BDED1832B4EE35E00B7E2E6 /* SentimentAnalyst */;
			targetProxy = 1BDED1952B4EE36200B7E2E6 /* PBXContainerItemProxy */;
		};
		1BDED1A02B4EE36200B7E2E6 /* PBXTargetDependency */ = {
			isa = PBXTargetDependency;
			target = 1BDED1832B4EE35E00B7E2E6 /* SentimentAnalyst */;
			targetProxy = 1BDED19F2B4EE36200B7E2E6 /* PBXContainerItemProxy */;
		};
/* End PBXTargetDependency section */

/* Begin XCBuildConfiguration section */
		1BDED1A62B4EE36200B7E2E6 /* Debug */ = {
			isa = XCBuildConfiguration;
			buildSettings = {
				ALWAYS_SEARCH_USER_PATHS = NO;
				ASSETCATALOG_COMPILER_GENERATE_SWIFT_ASSET_SYMBOL_EXTENSIONS = YES;
				CLANG_ANALYZER_NONNULL = YES;
				CLANG_ANALYZER_NUMBER_OBJECT_CONVERSION = YES_AGGRESSIVE;
				CLANG_CXX_LANGUAGE_STANDARD = "gnu++20";
				CLANG_ENABLE_MODULES = YES;
				CLANG_ENABLE_OBJC_ARC = YES;
				CLANG_ENABLE_OBJC_WEAK = YES;
				CLANG_WARN_BLOCK_CAPTURE_AUTORELEASING = YES;
				CLANG_WARN_BOOL_CONVERSION = YES;
				CLANG_WARN_COMMA = YES;
				CLANG_WARN_CONSTANT_CONVERSION = YES;
				CLANG_WARN_DEPRECATED_OBJC_IMPLEMENTATIONS = YES;
				CLANG_WARN_DIRECT_OBJC_ISA_USAGE = YES_ERROR;
				CLANG_WARN_DOCUMENTATION_COMMENTS = YES;
				CLANG_WARN_EMPTY_BODY = YES;
				CLANG_WARN_ENUM_CONVERSION = YES;
				CLANG_WARN_INFINITE_RECURSION = YES;
				CLANG_WARN_INT_CONVERSION = YES;
				CLANG_WARN_NON_LITERAL_NULL_CONVERSION = YES;
				CLANG_WARN_OBJC_IMPLICIT_RETAIN_SELF = YES;
				CLANG_WARN_OBJC_LITERAL_CONVERSION = YES;
				CLANG_WARN_OBJC_ROOT_CLASS = YES_ERROR;
				CLANG_WARN_QUOTED_INCLUDE_IN_FRAMEWORK_HEADER = YES;
				CLANG_WARN_RANGE_LOOP_ANALYSIS = YES;
				CLANG_WARN_STRICT_PROTOTYPES = YES;
				CLANG_WARN_SUSPICIOUS_MOVE = YES;
				CLANG_WARN_UNGUARDED_AVAILABILITY = YES_AGGRESSIVE;
				CLANG_WARN_UNREACHABLE_CODE = YES;
				CLANG_WARN__DUPLICATE_METHOD_MATCH = YES;
				COPY_PHASE_STRIP = NO;
				DEBUG_INFORMATION_FORMAT = dwarf;
				ENABLE_STRICT_OBJC_MSGSEND = YES;
				ENABLE_TESTABILITY = YES;
				ENABLE_USER_SCRIPT_SANDBOXING = YES;
				GCC_C_LANGUAGE_STANDARD = gnu17;
				GCC_DYNAMIC_NO_PIC = NO;
				GCC_NO_COMMON_BLOCKS = YES;
				GCC_OPTIMIZATION_LEVEL = 0;
				GCC_PREPROCESSOR_DEFINITIONS = (
					"DEBUG=1",
					"$(inherited)",
				);
				GCC_WARN_64_TO_32_BIT_CONVERSION = YES;
				GCC_WARN_ABOUT_RETURN_TYPE = YES_ERROR;
				GCC_WARN_UNDECLARED_SELECTOR = YES;
				GCC_WARN_UNINITIALIZED_AUTOS = YES_AGGRESSIVE;
				GCC_WARN_UNUSED_FUNCTION = YES;
				GCC_WARN_UNUSED_VARIABLE = YES;
				IPHONEOS_DEPLOYMENT_TARGET = 17.2;
				LOCALIZATION_PREFERS_STRING_CATALOGS = YES;
				MTL_ENABLE_DEBUG_INFO = INCLUDE_SOURCE;
				MTL_FAST_MATH = YES;
				ONLY_ACTIVE_ARCH = YES;
				SDKROOT = iphoneos;
				SWIFT_ACTIVE_COMPILATION_CONDITIONS = "DEBUG $(inherited)";
				SWIFT_OPTIMIZATION_LEVEL = "-Onone";
			};
			name = Debug;
		};
		1BDED1A72B4EE36200B7E2E6 /* Release */ = {
			isa = XCBuildConfiguration;
			buildSettings = {
				ALWAYS_SEARCH_USER_PATHS = NO;
				ASSETCATALOG_COMPILER_GENERATE_SWIFT_ASSET_SYMBOL_EXTENSIONS = YES;
				CLANG_ANALYZER_NONNULL = YES;
				CLANG_ANALYZER_NUMBER_OBJECT_CONVERSION = YES_AGGRESSIVE;
				CLANG_CXX_LANGUAGE_STANDARD = "gnu++20";
				CLANG_ENABLE_MODULES = YES;
				CLANG_ENABLE_OBJC_ARC = YES;
				CLANG_ENABLE_OBJC_WEAK = YES;
				CLANG_WARN_BLOCK_CAPTURE_AUTORELEASING = YES;
				CLANG_WARN_BOOL_CONVERSION = YES;
				CLANG_WARN_COMMA = YES;
				CLANG_WARN_CONSTANT_CONVERSION = YES;
				CLANG_WARN_DEPRECATED_OBJC_IMPLEMENTATIONS = YES;
				CLANG_WARN_DIRECT_OBJC_ISA_USAGE = YES_ERROR;
				CLANG_WARN_DOCUMENTATION_COMMENTS = YES;
				CLANG_WARN_EMPTY_BODY = YES;
				CLANG_WARN_ENUM_CONVERSION = YES;
				CLANG_WARN_INFINITE_RECURSION = YES;
				CLANG_WARN_INT_CONVERSION = YES;
				CLANG_WARN_NON_LITERAL_NULL_CONVERSION = YES;
				CLANG_WARN_OBJC_IMPLICIT_RETAIN_SELF = YES;
				CLANG_WARN_OBJC_LITERAL_CONVERSION = YES;
				CLANG_WARN_OBJC_ROOT_CLASS = YES_ERROR;
				CLANG_WARN_QUOTED_INCLUDE_IN_FRAMEWORK_HEADER = YES;
				CLANG_WARN_RANGE_LOOP_ANALYSIS = YES;
				CLANG_WARN_STRICT_PROTOTYPES = YES;
				CLANG_WARN_SUSPICIOUS_MOVE = YES;
				CLANG_WARN_UNGUARDED_AVAILABILITY = YES_AGGRESSIVE;
				CLANG_WARN_UNREACHABLE_CODE = YES;
				CLANG_WARN__DUPLICATE_METHOD_MATCH = YES;
				COPY_PHASE_STRIP = NO;
				DEBUG_INFORMATION_FORMAT = "dwarf-with-dsym";
				ENABLE_NS_ASSERTIONS = NO;
				ENABLE_STRICT_OBJC_MSGSEND = YES;
				ENABLE_USER_SCRIPT_SANDBOXING = YES;
				GCC_C_LANGUAGE_STANDARD = gnu17;
				GCC_NO_COMMON_BLOCKS = YES;
				GCC_WARN_64_TO_32_BIT_CONVERSION = YES;
				GCC_WARN_ABOUT_RETURN_TYPE = YES_ERROR;
				GCC_WARN_UNDECLARED_SELECTOR = YES;
				GCC_WARN_UNINITIALIZED_AUTOS = YES_AGGRESSIVE;
				GCC_WARN_UNUSED_FUNCTION = YES;
				GCC_WARN_UNUSED_VARIABLE = YES;
				IPHONEOS_DEPLOYMENT_TARGET = 17.2;
				LOCALIZATION_PREFERS_STRING_CATALOGS = YES;
				MTL_ENABLE_DEBUG_INFO = NO;
				MTL_FAST_MATH = YES;
				SDKROOT = iphoneos;
				SWIFT_COMPILATION_MODE = wholemodule;
				VALIDATE_PRODUCT = YES;
			};
			name = Release;
		};
		1BDED1A92B4EE36200B7E2E6 /* Debug */ = {
			isa = XCBuildConfiguration;
			buildSettings = {
				ASSETCATALOG_COMPILER_APPICON_NAME = AppIcon;
				ASSETCATALOG_COMPILER_GLOBAL_ACCENT_COLOR_NAME = AccentColor;
				CODE_SIGN_STYLE = Automatic;
				CURRENT_PROJECT_VERSION = 1;
				DEVELOPMENT_ASSET_PATHS = "\"SentimentAnalyst/Preview Content\"";
				ENABLE_PREVIEWS = YES;
				GENERATE_INFOPLIST_FILE = YES;
				INFOPLIST_KEY_UIApplicationSceneManifest_Generation = YES;
				INFOPLIST_KEY_UIApplicationSupportsIndirectInputEvents = YES;
				INFOPLIST_KEY_UILaunchScreen_Generation = YES;
				INFOPLIST_KEY_UISupportedInterfaceOrientations_iPad = "UIInterfaceOrientationPortrait UIInterfaceOrientationPortraitUpsideDown UIInterfaceOrientationLandscapeLeft UIInterfaceOrientationLandscapeRight";
				INFOPLIST_KEY_UISupportedInterfaceOrientations_iPhone = "UIInterfaceOrientationPortrait UIInterfaceOrientationLandscapeLeft UIInterfaceOrientationLandscapeRight";
				LD_RUNPATH_SEARCH_PATHS = (
					"$(inherited)",
					"@executable_path/Frameworks",
				);
				MARKETING_VERSION = 1.0;
				PRODUCT_BUNDLE_IDENTIFIER = Bruno.SentimentAnalyst;
				PRODUCT_NAME = "$(TARGET_NAME)";
				SWIFT_EMIT_LOC_STRINGS = YES;
				SWIFT_VERSION = 5.0;
				TARGETED_DEVICE_FAMILY = "1,2";
			};
			name = Debug;
		};
		1BDED1AA2B4EE36200B7E2E6 /* Release */ = {
			isa = XCBuildConfiguration;
			buildSettings = {
				ASSETCATALOG_COMPILER_APPICON_NAME = AppIcon;
				ASSETCATALOG_COMPILER_GLOBAL_ACCENT_COLOR_NAME = AccentColor;
				CODE_SIGN_STYLE = Automatic;
				CURRENT_PROJECT_VERSION = 1;
				DEVELOPMENT_ASSET_PATHS = "\"SentimentAnalyst/Preview Content\"";
				ENABLE_PREVIEWS = YES;
				GENERATE_INFOPLIST_FILE = YES;
				INFOPLIST_KEY_UIApplicationSceneManifest_Generation = YES;
				INFOPLIST_KEY_UIApplicationSupportsIndirectInputEvents = YES;
				INFOPLIST_KEY_UILaunchScreen_Generation = YES;
				INFOPLIST_KEY_UISupportedInterfaceOrientations_iPad = "UIInterfaceOrientationPortrait UIInterfaceOrientationPortraitUpsideDown UIInterfaceOrientationLandscapeLeft UIInterfaceOrientationLandscapeRight";
				INFOPLIST_KEY_UISupportedInterfaceOrientations_iPhone = "UIInterfaceOrientationPortrait UIInterfaceOrientationLandscapeLeft UIInterfaceOrientationLandscapeRight";
				LD_RUNPATH_SEARCH_PATHS = (
					"$(inherited)",
					"@executable_path/Frameworks",
				);
				MARKETING_VERSION = 1.0;
				PRODUCT_BUNDLE_IDENTIFIER = Bruno.SentimentAnalyst;
				PRODUCT_NAME = "$(TARGET_NAME)";
				SWIFT_EMIT_LOC_STRINGS = YES;
				SWIFT_VERSION = 5.0;
				TARGETED_DEVICE_FAMILY = "1,2";
			};
			name = Release;
		};
		1BDED1AC2B4EE36200B7E2E6 /* Debug */ = {
			isa = XCBuildConfiguration;
			buildSettings = {
				ALWAYS_EMBED_SWIFT_STANDARD_LIBRARIES = YES;
				BUNDLE_LOADER = "$(TEST_HOST)";
				CODE_SIGN_STYLE = Automatic;
				CURRENT_PROJECT_VERSION = 1;
				GENERATE_INFOPLIST_FILE = YES;
				IPHONEOS_DEPLOYMENT_TARGET = 17.2;
				MARKETING_VERSION = 1.0;
				PRODUCT_BUNDLE_IDENTIFIER = Bruno.SentimentAnalystTests;
				PRODUCT_NAME = "$(TARGET_NAME)";
				SWIFT_EMIT_LOC_STRINGS = NO;
				SWIFT_VERSION = 5.0;
				TARGETED_DEVICE_FAMILY = "1,2";
				TEST_HOST = "$(BUILT_PRODUCTS_DIR)/SentimentAnalyst.app/$(BUNDLE_EXECUTABLE_FOLDER_PATH)/SentimentAnalyst";
			};
			name = Debug;
		};
		1BDED1AD2B4EE36200B7E2E6 /* Release */ = {
			isa = XCBuildConfiguration;
			buildSettings = {
				ALWAYS_EMBED_SWIFT_STANDARD_LIBRARIES = YES;
				BUNDLE_LOADER = "$(TEST_HOST)";
				CODE_SIGN_STYLE = Automatic;
				CURRENT_PROJECT_VERSION = 1;
				GENERATE_INFOPLIST_FILE = YES;
				IPHONEOS_DEPLOYMENT_TARGET = 17.2;
				MARKETING_VERSION = 1.0;
				PRODUCT_BUNDLE_IDENTIFIER = Bruno.SentimentAnalystTests;
				PRODUCT_NAME = "$(TARGET_NAME)";
				SWIFT_EMIT_LOC_STRINGS = NO;
				SWIFT_VERSION = 5.0;
				TARGETED_DEVICE_FAMILY = "1,2";
				TEST_HOST = "$(BUILT_PRODUCTS_DIR)/SentimentAnalyst.app/$(BUNDLE_EXECUTABLE_FOLDER_PATH)/SentimentAnalyst";
			};
			name = Release;
		};
		1BDED1AF2B4EE36200B7E2E6 /* Debug */ = {
			isa = XCBuildConfiguration;
			buildSettings = {
				ALWAYS_EMBED_SWIFT_STANDARD_LIBRARIES = YES;
				CODE_SIGN_STYLE = Automatic;
				CURRENT_PROJECT_VERSION = 1;
				GENERATE_INFOPLIST_FILE = YES;
				MARKETING_VERSION = 1.0;
				PRODUCT_BUNDLE_IDENTIFIER = Bruno.SentimentAnalystUITests;
				PRODUCT_NAME = "$(TARGET_NAME)";
				SWIFT_EMIT_LOC_STRINGS = NO;
				SWIFT_VERSION = 5.0;
				TARGETED_DEVICE_FAMILY = "1,2";
				TEST_TARGET_NAME = SentimentAnalyst;
			};
			name = Debug;
		};
		1BDED1B02B4EE36200B7E2E6 /* Release */ = {
			isa = XCBuildConfiguration;
			buildSettings = {
				ALWAYS_EMBED_SWIFT_STANDARD_LIBRARIES = YES;
				CODE_SIGN_STYLE = Automatic;
				CURRENT_PROJECT_VERSION = 1;
				GENERATE_INFOPLIST_FILE = YES;
				MARKETING_VERSION = 1.0;
				PRODUCT_BUNDLE_IDENTIFIER = Bruno.SentimentAnalystUITests;
				PRODUCT_NAME = "$(TARGET_NAME)";
				SWIFT_EMIT_LOC_STRINGS = NO;
				SWIFT_VERSION = 5.0;
				TARGETED_DEVICE_FAMILY = "1,2";
				TEST_TARGET_NAME = SentimentAnalyst;
			};
			name = Release;
		};
/* End XCBuildConfiguration section */

/* Begin XCConfigurationList section */
		1BDED17F2B4EE35E00B7E2E6 /* Build configuration list for PBXProject "SentimentAnalyst" */ = {
			isa = XCConfigurationList;
			buildConfigurations = (
				1BDED1A62B4EE36200B7E2E6 /* Debug */,
				1BDED1A72B4EE36200B7E2E6 /* Release */,
			);
			defaultConfigurationIsVisible = 0;
			defaultConfigurationName = Release;
		};
		1BDED1A82B4EE36200B7E2E6 /* Build configuration list for PBXNativeTarget "SentimentAnalyst" */ = {
			isa = XCConfigurationList;
			buildConfigurations = (
				1BDED1A92B4EE36200B7E2E6 /* Debug */,
				1BDED1AA2B4EE36200B7E2E6 /* Release */,
			);
			defaultConfigurationIsVisible = 0;
			defaultConfigurationName = Release;
		};
		1BDED1AB2B4EE36200B7E2E6 /* Build configuration list for PBXNativeTarget "SentimentAnalystTests" */ = {
			isa = XCConfigurationList;
			buildConfigurations = (
				1BDED1AC2B4EE36200B7E2E6 /* Debug */,
				1BDED1AD2B4EE36200B7E2E6 /* Release */,
			);
			defaultConfigurationIsVisible = 0;
			defaultConfigurationName = Release;
		};
		1BDED1AE2B4EE36200B7E2E6 /* Build configuration list for PBXNativeTarget "SentimentAnalystUITests" */ = {
			isa = XCConfigurationList;
			buildConfigurations = (
				1BDED1AF2B4EE36200B7E2E6 /* Debug */,
				1BDED1B02B4EE36200B7E2E6 /* Release */,
			);
			defaultConfigurationIsVisible = 0;
			defaultConfigurationName = Release;
		};
/* End XCConfigurationList section */
	};
	rootObject = 1BDED17C2B4EE35E00B7E2E6 /* Project object */;
}
